
Microsoft Visual Studio Solution File, Format Version 12.00
# Visual Studio Version 16
VisualStudioVersion = 16.0.30309.148
MinimumVisualStudioVersion = 10.0.40219.1
Project("{9A19103F-16F7-4668-BE54-9A1E7A4F7556}") = "ASP.NET_Core_3.1_Test", "ASP.NET_Core_3.1_Test.csproj", "{53F13044-A220-4801-AF3E-3E44E398D4BD}"
EndProject
Project("{FAE04EC0-301F-11D3-BF4B-00C04F79EFBC}") = "UnitTestProject2", "..\UnitTestProject2\UnitTestProject2.csproj", "{0D1A2654-912F-4BCC-B27C-5CD6DAA6A349}"
EndProject
Global
	GlobalSection(SolutionConfigurationPlatforms) = preSolution
		Debug|Any CPU = Debug|Any CPU
		Release|Any CPU = Release|Any CPU
	EndGlobalSection
	GlobalSection(ProjectConfigurationPlatforms) = postSolution
		{53F13044-A220-4801-AF3E-3E44E398D4BD}.Debug|Any CPU.ActiveCfg = Debug|Any CPU
		{53F13044-A220-4801-AF3E-3E44E398D4BD}.Debug|Any CPU.Build.0 = Debug|Any CPU
		{53F13044-A220-4801-AF3E-3E44E398D4BD}.Release|Any CPU.ActiveCfg = Release|Any CPU
		{53F13044-A220-4801-AF3E-3E44E398D4BD}.Release|Any CPU.Build.0 = Release|Any CPU
		{0D1A2654-912F-4BCC-B27C-5CD6DAA6A349}.Debug|Any CPU.ActiveCfg = Debug|Any CPU
		{0D1A2654-912F-4BCC-B27C-5CD6DAA6A349}.Debug|Any CPU.Build.0 = Debug|Any CPU
		{0D1A2654-912F-4BCC-B27C-5CD6DAA6A349}.Release|Any CPU.ActiveCfg = Release|Any CPU
		{0D1A2654-912F-4BCC-B27C-5CD6DAA6A349}.Release|Any CPU.Build.0 = Release|Any CPU
	EndGlobalSection
	GlobalSection(SolutionProperties) = preSolution
		HideSolutionNode = FALSE
	EndGlobalSection
	GlobalSection(ExtensibilityGlobals) = postSolution
		SolutionGuid = {63E3A380-2769-446A-8457-3DEA4A02D72C}
	EndGlobalSection
EndGlobal
